
Microsoft Visual Studio Solution File, Format Version 12.00
# Visual Studio Version 17
VisualStudioVersion = 17.5.33414.496
MinimumVisualStudioVersion = 10.0.40219.1
Project("{8BC9CEB8-8B4A-11D0-8D11-00A0C91BC942}") = "IDA_HomeWork_OOP_7 Coat+Flat", "IDA_HomeWork_OOP_7 Coat+Flat\IDA_HomeWork_OOP_7 Coat+Flat.vcxproj", "{E14676CC-545B-44FB-A77D-08A8A8036B79}"
EndProject
Global
	GlobalSection(SolutionConfigurationPlatforms) = preSolution
		Debug|x64 = Debug|x64
		Debug|x86 = Debug|x86
		Release|x64 = Release|x64
		Release|x86 = Release|x86
	EndGlobalSection
	GlobalSection(ProjectConfigurationPlatforms) = postSolution
		{E14676CC-545B-44FB-A77D-08A8A8036B79}.Debug|x64.ActiveCfg = Debug|x64
		{E14676CC-545B-44FB-A77D-08A8A8036B79}.Debug|x64.Build.0 = Debug|x64
		{E14676CC-545B-44FB-A77D-08A8A8036B79}.Debug|x86.ActiveCfg = Debug|Win32
		{E14676CC-545B-44FB-A77D-08A8A8036B79}.Debug|x86.Build.0 = Debug|Win32
		{E14676CC-545B-44FB-A77D-08A8A8036B79}.Release|x64.ActiveCfg = Release|x64
		{E14676CC-545B-44FB-A77D-08A8A8036B79}.Release|x64.Build.0 = Release|x64
		{E14676CC-545B-44FB-A77D-08A8A8036B79}.Release|x86.ActiveCfg = Release|Win32
		{E14676CC-545B-44FB-A77D-08A8A8036B79}.Release|x86.Build.0 = Release|Win32
	EndGlobalSection
	GlobalSection(SolutionProperties) = preSolution
		HideSolutionNode = FALSE
	EndGlobalSection
	GlobalSection(ExtensibilityGlobals) = postSolution
		SolutionGuid = {A1E0763E-6E94-44EA-B3CD-7938E3C9DC27}
	EndGlobalSection
EndGlobal
